// !$*UTF8*$!
{
	archiveVersion = 1;
	classes = {
	};
	objectVersion = 46;
	objects = {

/* Begin PBXBuildFile section */
		A934FB661EBB3DB500A1CEF5 /* JSONObject.swift in Sources */ = {isa = PBXBuildFile; fileRef = A9E4D7F91EB721FC008B1B06 /* JSONObject.swift */; };
		A934FB671EBB3DB500A1CEF5 /* PureJSON.swift in Sources */ = {isa = PBXBuildFile; fileRef = A93429501EA90EC8007E8AF3 /* PureJSON.swift */; };
		A934FB681EBB3DB500A1CEF5 /* JSONError.swift in Sources */ = {isa = PBXBuildFile; fileRef = A9E4D7F71EB721A3008B1B06 /* JSONError.swift */; };
		A934FB691EBB3DB500A1CEF5 /* JSON.swift in Sources */ = {isa = PBXBuildFile; fileRef = A9E4D7F11EB72143008B1B06 /* JSON.swift */; };
		A934FB6A1EBB3DB500A1CEF5 /* Convertible.swift in Sources */ = {isa = PBXBuildFile; fileRef = A9E4D7F51EB72188008B1B06 /* Convertible.swift */; };
		A934FB6B1EBB3DB500A1CEF5 /* JSONDecodable.swift in Sources */ = {isa = PBXBuildFile; fileRef = A9E4D7ED1EB720F4008B1B06 /* JSONDecodable.swift */; };
		A934FB6C1EBB3DB500A1CEF5 /* JSONRepresentable.swift in Sources */ = {isa = PBXBuildFile; fileRef = A9E4D7F31EB72160008B1B06 /* JSONRepresentable.swift */; };
		A934FB6D1EBB3DB500A1CEF5 /* Data+JSONDecodable.swift in Sources */ = {isa = PBXBuildFile; fileRef = A9E4D7EF1EB72122008B1B06 /* Data+JSONDecodable.swift */; };
		A95863F71F06551D004FA670 /* BasicJSONMacOS.h in Headers */ = {isa = PBXBuildFile; fileRef = A95863F51F06551D004FA670 /* BasicJSONMacOS.h */; settings = {ATTRIBUTES = (Public, ); }; };
		A95863FB1F065524004FA670 /* JSONObject.swift in Sources */ = {isa = PBXBuildFile; fileRef = A9E4D7F91EB721FC008B1B06 /* JSONObject.swift */; };
		A95863FC1F065524004FA670 /* PureJSON.swift in Sources */ = {isa = PBXBuildFile; fileRef = A93429501EA90EC8007E8AF3 /* PureJSON.swift */; };
		A95863FD1F065524004FA670 /* JSONError.swift in Sources */ = {isa = PBXBuildFile; fileRef = A9E4D7F71EB721A3008B1B06 /* JSONError.swift */; };
		A95863FE1F065524004FA670 /* JSON.swift in Sources */ = {isa = PBXBuildFile; fileRef = A9E4D7F11EB72143008B1B06 /* JSON.swift */; };
		A95863FF1F065524004FA670 /* Convertible.swift in Sources */ = {isa = PBXBuildFile; fileRef = A9E4D7F51EB72188008B1B06 /* Convertible.swift */; };
		A95864001F065524004FA670 /* JSONDecodable.swift in Sources */ = {isa = PBXBuildFile; fileRef = A9E4D7ED1EB720F4008B1B06 /* JSONDecodable.swift */; };
		A95864011F065524004FA670 /* JSONRepresentable.swift in Sources */ = {isa = PBXBuildFile; fileRef = A9E4D7F31EB72160008B1B06 /* JSONRepresentable.swift */; };
		A95864021F065524004FA670 /* Data+JSONDecodable.swift in Sources */ = {isa = PBXBuildFile; fileRef = A9E4D7EF1EB72122008B1B06 /* Data+JSONDecodable.swift */; };
		A96B66841EAA472C00BE3DDC /* BasicJSONTests.swift in Sources */ = {isa = PBXBuildFile; fileRef = A96B66831EAA472C00BE3DDC /* BasicJSONTests.swift */; };
		A96B669B1EACF90400BE3DDC /* BasicJSON.h in Headers */ = {isa = PBXBuildFile; fileRef = A96B66991EACF90400BE3DDC /* BasicJSON.h */; settings = {ATTRIBUTES = (Public, ); }; };
		A96B669F1EACF90A00BE3DDC /* PureJSON.swift in Sources */ = {isa = PBXBuildFile; fileRef = A93429501EA90EC8007E8AF3 /* PureJSON.swift */; };
		A96B66A21EACF9EF00BE3DDC /* multiplePosts.json in Resources */ = {isa = PBXBuildFile; fileRef = A96B668C1EAA4F4700BE3DDC /* multiplePosts.json */; };
		A96B66A31EACF9EF00BE3DDC /* singlePost.json in Resources */ = {isa = PBXBuildFile; fileRef = A96B668D1EAA4F4700BE3DDC /* singlePost.json */; };
		A96B66A51EACFAB000BE3DDC /* Post.swift in Sources */ = {isa = PBXBuildFile; fileRef = A96B66A41EACFAB000BE3DDC /* Post.swift */; };
		A9E4D7EE1EB720F4008B1B06 /* JSONDecodable.swift in Sources */ = {isa = PBXBuildFile; fileRef = A9E4D7ED1EB720F4008B1B06 /* JSONDecodable.swift */; };
		A9E4D7F01EB72122008B1B06 /* Data+JSONDecodable.swift in Sources */ = {isa = PBXBuildFile; fileRef = A9E4D7EF1EB72122008B1B06 /* Data+JSONDecodable.swift */; };
		A9E4D7F21EB72143008B1B06 /* JSON.swift in Sources */ = {isa = PBXBuildFile; fileRef = A9E4D7F11EB72143008B1B06 /* JSON.swift */; };
		A9E4D7F41EB72160008B1B06 /* JSONRepresentable.swift in Sources */ = {isa = PBXBuildFile; fileRef = A9E4D7F31EB72160008B1B06 /* JSONRepresentable.swift */; };
		A9E4D7F61EB72188008B1B06 /* Convertible.swift in Sources */ = {isa = PBXBuildFile; fileRef = A9E4D7F51EB72188008B1B06 /* Convertible.swift */; };
		A9E4D7F81EB721A3008B1B06 /* JSONError.swift in Sources */ = {isa = PBXBuildFile; fileRef = A9E4D7F71EB721A3008B1B06 /* JSONError.swift */; };
		A9E4D7FA1EB721FC008B1B06 /* JSONObject.swift in Sources */ = {isa = PBXBuildFile; fileRef = A9E4D7F91EB721FC008B1B06 /* JSONObject.swift */; };
/* End PBXBuildFile section */

/* Begin PBXFileReference section */
		A93429501EA90EC8007E8AF3 /* PureJSON.swift */ = {isa = PBXFileReference; fileEncoding = 4; lastKnownFileType = sourcecode.swift; path = PureJSON.swift; sourceTree = "<group>"; };
		A95863F31F06551D004FA670 /* BasicJSONMacOS.framework */ = {isa = PBXFileReference; explicitFileType = wrapper.framework; includeInIndex = 0; path = BasicJSONMacOS.framework; sourceTree = BUILT_PRODUCTS_DIR; };
		A95863F51F06551D004FA670 /* BasicJSONMacOS.h */ = {isa = PBXFileReference; lastKnownFileType = sourcecode.c.h; path = BasicJSONMacOS.h; sourceTree = "<group>"; };
		A95863F61F06551D004FA670 /* Info.plist */ = {isa = PBXFileReference; lastKnownFileType = text.plist.xml; path = Info.plist; sourceTree = "<group>"; };
		A96B66811EAA472C00BE3DDC /* BasicJSONTests.xctest */ = {isa = PBXFileReference; explicitFileType = wrapper.cfbundle; includeInIndex = 0; path = BasicJSONTests.xctest; sourceTree = BUILT_PRODUCTS_DIR; };
		A96B66831EAA472C00BE3DDC /* BasicJSONTests.swift */ = {isa = PBXFileReference; lastKnownFileType = sourcecode.swift; path = BasicJSONTests.swift; sourceTree = "<group>"; };
		A96B66851EAA472C00BE3DDC /* Info.plist */ = {isa = PBXFileReference; lastKnownFileType = text.plist.xml; path = Info.plist; sourceTree = "<group>"; };
		A96B668C1EAA4F4700BE3DDC /* multiplePosts.json */ = {isa = PBXFileReference; fileEncoding = 4; lastKnownFileType = text.json; name = multiplePosts.json; path = BasicJSONTests/multiplePosts.json; sourceTree = SOURCE_ROOT; usesTabs = 0; };
		A96B668D1EAA4F4700BE3DDC /* singlePost.json */ = {isa = PBXFileReference; fileEncoding = 4; lastKnownFileType = text.json; name = singlePost.json; path = BasicJSONTests/singlePost.json; sourceTree = SOURCE_ROOT; };
		A96B66971EACF90400BE3DDC /* BasicJSON.framework */ = {isa = PBXFileReference; explicitFileType = wrapper.framework; includeInIndex = 0; path = BasicJSON.framework; sourceTree = BUILT_PRODUCTS_DIR; };
		A96B66991EACF90400BE3DDC /* BasicJSON.h */ = {isa = PBXFileReference; lastKnownFileType = sourcecode.c.h; path = BasicJSON.h; sourceTree = "<group>"; };
		A96B669A1EACF90400BE3DDC /* Info.plist */ = {isa = PBXFileReference; lastKnownFileType = text.plist.xml; path = Info.plist; sourceTree = "<group>"; };
		A96B66A41EACFAB000BE3DDC /* Post.swift */ = {isa = PBXFileReference; fileEncoding = 4; lastKnownFileType = sourcecode.swift; path = Post.swift; sourceTree = "<group>"; };
		A9E4D7ED1EB720F4008B1B06 /* JSONDecodable.swift */ = {isa = PBXFileReference; fileEncoding = 4; lastKnownFileType = sourcecode.swift; path = JSONDecodable.swift; sourceTree = "<group>"; };
		A9E4D7EF1EB72122008B1B06 /* Data+JSONDecodable.swift */ = {isa = PBXFileReference; fileEncoding = 4; lastKnownFileType = sourcecode.swift; path = "Data+JSONDecodable.swift"; sourceTree = "<group>"; };
		A9E4D7F11EB72143008B1B06 /* JSON.swift */ = {isa = PBXFileReference; fileEncoding = 4; lastKnownFileType = sourcecode.swift; path = JSON.swift; sourceTree = "<group>"; };
		A9E4D7F31EB72160008B1B06 /* JSONRepresentable.swift */ = {isa = PBXFileReference; fileEncoding = 4; lastKnownFileType = sourcecode.swift; path = JSONRepresentable.swift; sourceTree = "<group>"; };
		A9E4D7F51EB72188008B1B06 /* Convertible.swift */ = {isa = PBXFileReference; fileEncoding = 4; lastKnownFileType = sourcecode.swift; path = Convertible.swift; sourceTree = "<group>"; };
		A9E4D7F71EB721A3008B1B06 /* JSONError.swift */ = {isa = PBXFileReference; fileEncoding = 4; lastKnownFileType = sourcecode.swift; path = JSONError.swift; sourceTree = "<group>"; };
		A9E4D7F91EB721FC008B1B06 /* JSONObject.swift */ = {isa = PBXFileReference; fileEncoding = 4; lastKnownFileType = sourcecode.swift; path = JSONObject.swift; sourceTree = "<group>"; };
/* End PBXFileReference section */

/* Begin PBXFrameworksBuildPhase section */
		A95863EF1F06551D004FA670 /* Frameworks */ = {
			isa = PBXFrameworksBuildPhase;
			buildActionMask = 2147483647;
			files = (
			);
			runOnlyForDeploymentPostprocessing = 0;
		};
		A96B667E1EAA472C00BE3DDC /* Frameworks */ = {
			isa = PBXFrameworksBuildPhase;
			buildActionMask = 2147483647;
			files = (
			);
			runOnlyForDeploymentPostprocessing = 0;
		};
		A96B66931EACF90400BE3DDC /* Frameworks */ = {
			isa = PBXFrameworksBuildPhase;
			buildActionMask = 2147483647;
			files = (
			);
			runOnlyForDeploymentPostprocessing = 0;
		};
/* End PBXFrameworksBuildPhase section */

/* Begin PBXGroup section */
		A93429311EA8F59A007E8AF3 = {
			isa = PBXGroup;
			children = (
				A96B66981EACF90400BE3DDC /* BasicJSON */,
				A96B66821EAA472C00BE3DDC /* BasicJSONTests */,
				A95863F41F06551D004FA670 /* BasicJSONMacOS */,
				A934293B1EA8F59A007E8AF3 /* Products */,
			);
			sourceTree = "<group>";
		};
		A934293B1EA8F59A007E8AF3 /* Products */ = {
			isa = PBXGroup;
			children = (
				A96B66811EAA472C00BE3DDC /* BasicJSONTests.xctest */,
				A96B66971EACF90400BE3DDC /* BasicJSON.framework */,
				A95863F31F06551D004FA670 /* BasicJSONMacOS.framework */,
			);
			name = Products;
			sourceTree = "<group>";
		};
		A95863F41F06551D004FA670 /* BasicJSONMacOS */ = {
			isa = PBXGroup;
			children = (
				A95863F51F06551D004FA670 /* BasicJSONMacOS.h */,
				A95863F61F06551D004FA670 /* Info.plist */,
			);
			path = BasicJSONMacOS;
			sourceTree = "<group>";
		};
		A96B66821EAA472C00BE3DDC /* BasicJSONTests */ = {
			isa = PBXGroup;
			children = (
				A96B668C1EAA4F4700BE3DDC /* multiplePosts.json */,
				A96B668D1EAA4F4700BE3DDC /* singlePost.json */,
				A96B66831EAA472C00BE3DDC /* BasicJSONTests.swift */,
				A96B66851EAA472C00BE3DDC /* Info.plist */,
				A96B66A41EACFAB000BE3DDC /* Post.swift */,
			);
			path = BasicJSONTests;
			sourceTree = "<group>";
		};
		A96B66981EACF90400BE3DDC /* BasicJSON */ = {
			isa = PBXGroup;
			children = (
				A9E4D7F91EB721FC008B1B06 /* JSONObject.swift */,
				A93429501EA90EC8007E8AF3 /* PureJSON.swift */,
				A9E4D7F71EB721A3008B1B06 /* JSONError.swift */,
				A9E4D7F11EB72143008B1B06 /* JSON.swift */,
				A9E4D7F51EB72188008B1B06 /* Convertible.swift */,
				A9E4D7ED1EB720F4008B1B06 /* JSONDecodable.swift */,
				A9E4D7F31EB72160008B1B06 /* JSONRepresentable.swift */,
				A9E4D7EF1EB72122008B1B06 /* Data+JSONDecodable.swift */,
				A96B66991EACF90400BE3DDC /* BasicJSON.h */,
				A96B669A1EACF90400BE3DDC /* Info.plist */,
			);
			path = BasicJSON;
			sourceTree = "<group>";
		};
/* End PBXGroup section */

/* Begin PBXHeadersBuildPhase section */
		A95863F01F06551D004FA670 /* Headers */ = {
			isa = PBXHeadersBuildPhase;
			buildActionMask = 2147483647;
			files = (
				A95863F71F06551D004FA670 /* BasicJSONMacOS.h in Headers */,
			);
			runOnlyForDeploymentPostprocessing = 0;
		};
		A96B66941EACF90400BE3DDC /* Headers */ = {
			isa = PBXHeadersBuildPhase;
			buildActionMask = 2147483647;
			files = (
				A96B669B1EACF90400BE3DDC /* BasicJSON.h in Headers */,
			);
			runOnlyForDeploymentPostprocessing = 0;
		};
/* End PBXHeadersBuildPhase section */

/* Begin PBXNativeTarget section */
		A95863F21F06551D004FA670 /* BasicJSONMacOS */ = {
			isa = PBXNativeTarget;
			buildConfigurationList = A95863FA1F06551D004FA670 /* Build configuration list for PBXNativeTarget "BasicJSONMacOS" */;
			buildPhases = (
				A95863EE1F06551D004FA670 /* Sources */,
				A95863EF1F06551D004FA670 /* Frameworks */,
				A95863F01F06551D004FA670 /* Headers */,
				A95863F11F06551D004FA670 /* Resources */,
			);
			buildRules = (
			);
			dependencies = (
			);
			name = BasicJSONMacOS;
			productName = BasicJSONMacOS;
			productReference = A95863F31F06551D004FA670 /* BasicJSONMacOS.framework */;
			productType = "com.apple.product-type.framework";
		};
		A96B66801EAA472C00BE3DDC /* BasicJSONTests */ = {
			isa = PBXNativeTarget;
			buildConfigurationList = A96B668A1EAA472C00BE3DDC /* Build configuration list for PBXNativeTarget "BasicJSONTests" */;
			buildPhases = (
				A96B667F1EAA472C00BE3DDC /* Resources */,
				A96B667D1EAA472C00BE3DDC /* Sources */,
				A96B667E1EAA472C00BE3DDC /* Frameworks */,
			);
			buildRules = (
			);
			dependencies = (
			);
			name = BasicJSONTests;
			productName = BasicJSONTests;
			productReference = A96B66811EAA472C00BE3DDC /* BasicJSONTests.xctest */;
			productType = "com.apple.product-type.bundle.unit-test";
		};
		A96B66961EACF90400BE3DDC /* BasicJSON */ = {
			isa = PBXNativeTarget;
			buildConfigurationList = A96B669C1EACF90400BE3DDC /* Build configuration list for PBXNativeTarget "BasicJSON" */;
			buildPhases = (
				A9E4D7EC1EB71BBF008B1B06 /* ShellScript */,
				A96B66921EACF90400BE3DDC /* Sources */,
				A96B66931EACF90400BE3DDC /* Frameworks */,
				A96B66941EACF90400BE3DDC /* Headers */,
				A96B66951EACF90400BE3DDC /* Resources */,
			);
			buildRules = (
			);
			dependencies = (
			);
			name = BasicJSON;
			productName = BasicJSON;
			productReference = A96B66971EACF90400BE3DDC /* BasicJSON.framework */;
			productType = "com.apple.product-type.framework";
		};
/* End PBXNativeTarget section */

/* Begin PBXProject section */
		A93429321EA8F59A007E8AF3 /* Project object */ = {
			isa = PBXProject;
			attributes = {
				LastSwiftUpdateCheck = 0830;
				LastUpgradeCheck = 0900;
				ORGANIZATIONNAME = "Theis Egeberg";
				TargetAttributes = {
					A95863F21F06551D004FA670 = {
						CreatedOnToolsVersion = 8.3.3;
						LastSwiftMigration = 0900;
						ProvisioningStyle = Automatic;
					};
					A96B66801EAA472C00BE3DDC = {
						CreatedOnToolsVersion = 8.3.1;
						ProvisioningStyle = Automatic;
					};
					A96B66961EACF90400BE3DDC = {
						CreatedOnToolsVersion = 8.3.1;
						LastSwiftMigration = 0900;
						ProvisioningStyle = Automatic;
					};
				};
			};
			buildConfigurationList = A93429351EA8F59A007E8AF3 /* Build configuration list for PBXProject "BasicJSON" */;
			compatibilityVersion = "Xcode 3.2";
			developmentRegion = English;
			hasScannedForEncodings = 0;
			knownRegions = (
				en,
				Base,
			);
			mainGroup = A93429311EA8F59A007E8AF3;
			productRefGroup = A934293B1EA8F59A007E8AF3 /* Products */;
			projectDirPath = "";
			projectRoot = "";
			targets = (
				A96B66961EACF90400BE3DDC /* BasicJSON */,
				A96B66801EAA472C00BE3DDC /* BasicJSONTests */,
				A95863F21F06551D004FA670 /* BasicJSONMacOS */,
			);
		};
/* End PBXProject section */

/* Begin PBXResourcesBuildPhase section */
		A95863F11F06551D004FA670 /* Resources */ = {
			isa = PBXResourcesBuildPhase;
			buildActionMask = 2147483647;
			files = (
			);
			runOnlyForDeploymentPostprocessing = 0;
		};
		A96B667F1EAA472C00BE3DDC /* Resources */ = {
			isa = PBXResourcesBuildPhase;
			buildActionMask = 2147483647;
			files = (
				A96B66A21EACF9EF00BE3DDC /* multiplePosts.json in Resources */,
				A96B66A31EACF9EF00BE3DDC /* singlePost.json in Resources */,
			);
			runOnlyForDeploymentPostprocessing = 0;
		};
		A96B66951EACF90400BE3DDC /* Resources */ = {
			isa = PBXResourcesBuildPhase;
			buildActionMask = 2147483647;
			files = (
			);
			runOnlyForDeploymentPostprocessing = 0;
		};
/* End PBXResourcesBuildPhase section */

/* Begin PBXShellScriptBuildPhase section */
		A9E4D7EC1EB71BBF008B1B06 /* ShellScript */ = {
			isa = PBXShellScriptBuildPhase;
			buildActionMask = 2147483647;
			files = (
			);
			inputPaths = (
			);
			outputPaths = (
			);
			runOnlyForDeploymentPostprocessing = 0;
			shellPath = /bin/sh;
			shellScript = "if which swiftlint >/dev/null; then\n    swiftlint autocorrect\nelse\n    echo \"warning: SwiftLint not installed, download from https://github.com/realm/SwiftLint\"\nfi";
		};
/* End PBXShellScriptBuildPhase section */

/* Begin PBXSourcesBuildPhase section */
		A95863EE1F06551D004FA670 /* Sources */ = {
			isa = PBXSourcesBuildPhase;
			buildActionMask = 2147483647;
			files = (
				A95863FD1F065524004FA670 /* JSONError.swift in Sources */,
				A95863FB1F065524004FA670 /* JSONObject.swift in Sources */,
				A95863FC1F065524004FA670 /* PureJSON.swift in Sources */,
				A95864011F065524004FA670 /* JSONRepresentable.swift in Sources */,
				A95864001F065524004FA670 /* JSONDecodable.swift in Sources */,
				A95864021F065524004FA670 /* Data+JSONDecodable.swift in Sources */,
				A95863FF1F065524004FA670 /* Convertible.swift in Sources */,
				A95863FE1F065524004FA670 /* JSON.swift in Sources */,
			);
			runOnlyForDeploymentPostprocessing = 0;
		};
		A96B667D1EAA472C00BE3DDC /* Sources */ = {
			isa = PBXSourcesBuildPhase;
			buildActionMask = 2147483647;
			files = (
				A934FB6C1EBB3DB500A1CEF5 /* JSONRepresentable.swift in Sources */,
				A934FB681EBB3DB500A1CEF5 /* JSONError.swift in Sources */,
				A96B66A51EACFAB000BE3DDC /* Post.swift in Sources */,
				A934FB6D1EBB3DB500A1CEF5 /* Data+JSONDecodable.swift in Sources */,
				A934FB661EBB3DB500A1CEF5 /* JSONObject.swift in Sources */,
				A934FB6B1EBB3DB500A1CEF5 /* JSONDecodable.swift in Sources */,
				A934FB6A1EBB3DB500A1CEF5 /* Convertible.swift in Sources */,
				A934FB691EBB3DB500A1CEF5 /* JSON.swift in Sources */,
				A96B66841EAA472C00BE3DDC /* BasicJSONTests.swift in Sources */,
				A934FB671EBB3DB500A1CEF5 /* PureJSON.swift in Sources */,
			);
			runOnlyForDeploymentPostprocessing = 0;
		};
		A96B66921EACF90400BE3DDC /* Sources */ = {
			isa = PBXSourcesBuildPhase;
			buildActionMask = 2147483647;
			files = (
				A96B669F1EACF90A00BE3DDC /* PureJSON.swift in Sources */,
				A9E4D7F81EB721A3008B1B06 /* JSONError.swift in Sources */,
				A9E4D7F01EB72122008B1B06 /* Data+JSONDecodable.swift in Sources */,
				A9E4D7F41EB72160008B1B06 /* JSONRepresentable.swift in Sources */,
				A9E4D7FA1EB721FC008B1B06 /* JSONObject.swift in Sources */,
				A9E4D7EE1EB720F4008B1B06 /* JSONDecodable.swift in Sources */,
				A9E4D7F21EB72143008B1B06 /* JSON.swift in Sources */,
				A9E4D7F61EB72188008B1B06 /* Convertible.swift in Sources */,
			);
			runOnlyForDeploymentPostprocessing = 0;
		};
/* End PBXSourcesBuildPhase section */

/* Begin XCBuildConfiguration section */
		A934294A1EA8F59A007E8AF3 /* Debug */ = {
			isa = XCBuildConfiguration;
			buildSettings = {
				ALWAYS_SEARCH_USER_PATHS = NO;
				CLANG_ANALYZER_NONNULL = YES;
				CLANG_ANALYZER_NUMBER_OBJECT_CONVERSION = YES_AGGRESSIVE;
				CLANG_CXX_LANGUAGE_STANDARD = "gnu++0x";
				CLANG_CXX_LIBRARY = "libc++";
				CLANG_ENABLE_MODULES = YES;
				CLANG_ENABLE_OBJC_ARC = YES;
				CLANG_WARN_BLOCK_CAPTURE_AUTORELEASING = YES;
				CLANG_WARN_BOOL_CONVERSION = YES;
				CLANG_WARN_COMMA = YES;
				CLANG_WARN_CONSTANT_CONVERSION = YES;
				CLANG_WARN_DIRECT_OBJC_ISA_USAGE = YES_ERROR;
				CLANG_WARN_DOCUMENTATION_COMMENTS = YES;
				CLANG_WARN_EMPTY_BODY = YES;
				CLANG_WARN_ENUM_CONVERSION = YES;
				CLANG_WARN_INFINITE_RECURSION = YES;
				CLANG_WARN_INT_CONVERSION = YES;
				CLANG_WARN_NON_LITERAL_NULL_CONVERSION = YES;
				CLANG_WARN_OBJC_LITERAL_CONVERSION = YES;
				CLANG_WARN_OBJC_ROOT_CLASS = YES_ERROR;
				CLANG_WARN_RANGE_LOOP_ANALYSIS = YES;
				CLANG_WARN_STRICT_PROTOTYPES = YES;
				CLANG_WARN_SUSPICIOUS_MOVE = YES;
				CLANG_WARN_UNREACHABLE_CODE = YES;
				CLANG_WARN__DUPLICATE_METHOD_MATCH = YES;
				"CODE_SIGN_IDENTITY[sdk=iphoneos*]" = "iPhone Developer";
				COPY_PHASE_STRIP = NO;
				DEBUG_INFORMATION_FORMAT = dwarf;
				ENABLE_STRICT_OBJC_MSGSEND = YES;
				ENABLE_TESTABILITY = YES;
				GCC_C_LANGUAGE_STANDARD = gnu99;
				GCC_DYNAMIC_NO_PIC = NO;
				GCC_NO_COMMON_BLOCKS = YES;
				GCC_OPTIMIZATION_LEVEL = 0;
				GCC_PREPROCESSOR_DEFINITIONS = (
					"DEBUG=1",
					"$(inherited)",
				);
				GCC_WARN_64_TO_32_BIT_CONVERSION = YES;
				GCC_WARN_ABOUT_RETURN_TYPE = YES_ERROR;
				GCC_WARN_UNDECLARED_SELECTOR = YES;
				GCC_WARN_UNINITIALIZED_AUTOS = YES_AGGRESSIVE;
				GCC_WARN_UNUSED_FUNCTION = YES;
				GCC_WARN_UNUSED_VARIABLE = YES;
				IPHONEOS_DEPLOYMENT_TARGET = 10.3;
				MTL_ENABLE_DEBUG_INFO = YES;
				ONLY_ACTIVE_ARCH = YES;
				SDKROOT = iphoneos;
				SWIFT_ACTIVE_COMPILATION_CONDITIONS = DEBUG;
				SWIFT_OPTIMIZATION_LEVEL = "-Onone";
				TARGETED_DEVICE_FAMILY = "1,2";
			};
			name = Debug;
		};
		A934294B1EA8F59A007E8AF3 /* Release */ = {
			isa = XCBuildConfiguration;
			buildSettings = {
				ALWAYS_SEARCH_USER_PATHS = NO;
				CLANG_ANALYZER_NONNULL = YES;
				CLANG_ANALYZER_NUMBER_OBJECT_CONVERSION = YES_AGGRESSIVE;
				CLANG_CXX_LANGUAGE_STANDARD = "gnu++0x";
				CLANG_CXX_LIBRARY = "libc++";
				CLANG_ENABLE_MODULES = YES;
				CLANG_ENABLE_OBJC_ARC = YES;
				CLANG_WARN_BLOCK_CAPTURE_AUTORELEASING = YES;
				CLANG_WARN_BOOL_CONVERSION = YES;
				CLANG_WARN_COMMA = YES;
				CLANG_WARN_CONSTANT_CONVERSION = YES;
				CLANG_WARN_DIRECT_OBJC_ISA_USAGE = YES_ERROR;
				CLANG_WARN_DOCUMENTATION_COMMENTS = YES;
				CLANG_WARN_EMPTY_BODY = YES;
				CLANG_WARN_ENUM_CONVERSION = YES;
				CLANG_WARN_INFINITE_RECURSION = YES;
				CLANG_WARN_INT_CONVERSION = YES;
				CLANG_WARN_NON_LITERAL_NULL_CONVERSION = YES;
				CLANG_WARN_OBJC_LITERAL_CONVERSION = YES;
				CLANG_WARN_OBJC_ROOT_CLASS = YES_ERROR;
				CLANG_WARN_RANGE_LOOP_ANALYSIS = YES;
				CLANG_WARN_STRICT_PROTOTYPES = YES;
				CLANG_WARN_SUSPICIOUS_MOVE = YES;
				CLANG_WARN_UNREACHABLE_CODE = YES;
				CLANG_WARN__DUPLICATE_METHOD_MATCH = YES;
				"CODE_SIGN_IDENTITY[sdk=iphoneos*]" = "iPhone Developer";
				COPY_PHASE_STRIP = NO;
				DEBUG_INFORMATION_FORMAT = "dwarf-with-dsym";
				ENABLE_NS_ASSERTIONS = NO;
				ENABLE_STRICT_OBJC_MSGSEND = YES;
				GCC_C_LANGUAGE_STANDARD = gnu99;
				GCC_NO_COMMON_BLOCKS = YES;
				GCC_WARN_64_TO_32_BIT_CONVERSION = YES;
				GCC_WARN_ABOUT_RETURN_TYPE = YES_ERROR;
				GCC_WARN_UNDECLARED_SELECTOR = YES;
				GCC_WARN_UNINITIALIZED_AUTOS = YES_AGGRESSIVE;
				GCC_WARN_UNUSED_FUNCTION = YES;
				GCC_WARN_UNUSED_VARIABLE = YES;
				IPHONEOS_DEPLOYMENT_TARGET = 10.3;
				MTL_ENABLE_DEBUG_INFO = NO;
				SDKROOT = iphoneos;
				SWIFT_OPTIMIZATION_LEVEL = "-Owholemodule";
				TARGETED_DEVICE_FAMILY = "1,2";
				VALIDATE_PRODUCT = YES;
			};
			name = Release;
		};
		A95863F81F06551D004FA670 /* Debug */ = {
			isa = XCBuildConfiguration;
			buildSettings = {
				CODE_SIGN_IDENTITY = "-";
				COMBINE_HIDPI_IMAGES = YES;
				CURRENT_PROJECT_VERSION = 1;
				DEFINES_MODULE = YES;
				DYLIB_COMPATIBILITY_VERSION = 1;
				DYLIB_CURRENT_VERSION = 1;
				DYLIB_INSTALL_NAME_BASE = "@rpath";
				FRAMEWORK_VERSION = A;
				INFOPLIST_FILE = BasicJSONMacOS/Info.plist;
				INSTALL_PATH = "$(LOCAL_LIBRARY_DIR)/Frameworks";
				LD_RUNPATH_SEARCH_PATHS = "$(inherited) @executable_path/../Frameworks @loader_path/Frameworks";
				MACOSX_DEPLOYMENT_TARGET = 10.9;
				PRODUCT_BUNDLE_IDENTIFIER = com.theisegeberg.BasicJSONMacOS;
				PRODUCT_NAME = "$(TARGET_NAME)";
				SDKROOT = macosx;
				SKIP_INSTALL = YES;
				SWIFT_SWIFT3_OBJC_INFERENCE = Default;
				SWIFT_VERSION = 4.0;
				VERSIONING_SYSTEM = "apple-generic";
				VERSION_INFO_PREFIX = "";
			};
			name = Debug;
		};
		A95863F91F06551D004FA670 /* Release */ = {
			isa = XCBuildConfiguration;
			buildSettings = {
				CODE_SIGN_IDENTITY = "-";
				COMBINE_HIDPI_IMAGES = YES;
				CURRENT_PROJECT_VERSION = 1;
				DEFINES_MODULE = YES;
				DYLIB_COMPATIBILITY_VERSION = 1;
				DYLIB_CURRENT_VERSION = 1;
				DYLIB_INSTALL_NAME_BASE = "@rpath";
				FRAMEWORK_VERSION = A;
				INFOPLIST_FILE = BasicJSONMacOS/Info.plist;
				INSTALL_PATH = "$(LOCAL_LIBRARY_DIR)/Frameworks";
				LD_RUNPATH_SEARCH_PATHS = "$(inherited) @executable_path/../Frameworks @loader_path/Frameworks";
				MACOSX_DEPLOYMENT_TARGET = 10.9;
				PRODUCT_BUNDLE_IDENTIFIER = com.theisegeberg.BasicJSONMacOS;
				PRODUCT_NAME = "$(TARGET_NAME)";
				SDKROOT = macosx;
				SKIP_INSTALL = YES;
				SWIFT_SWIFT3_OBJC_INFERENCE = Default;
				SWIFT_VERSION = 4.0;
				VERSIONING_SYSTEM = "apple-generic";
				VERSION_INFO_PREFIX = "";
			};
			name = Release;
		};
		A96B66881EAA472C00BE3DDC /* Debug */ = {
			isa = XCBuildConfiguration;
			buildSettings = {
				INFOPLIST_FILE = BasicJSONTests/Info.plist;
				LD_RUNPATH_SEARCH_PATHS = "$(inherited) @executable_path/Frameworks @loader_path/Frameworks";
				PRODUCT_BUNDLE_IDENTIFIER = com.theisegeberg.BasicJSONTests;
				PRODUCT_NAME = "$(TARGET_NAME)";
				SWIFT_VERSION = 3.0;
			};
			name = Debug;
		};
		A96B66891EAA472C00BE3DDC /* Release */ = {
			isa = XCBuildConfiguration;
			buildSettings = {
				INFOPLIST_FILE = BasicJSONTests/Info.plist;
				LD_RUNPATH_SEARCH_PATHS = "$(inherited) @executable_path/Frameworks @loader_path/Frameworks";
				PRODUCT_BUNDLE_IDENTIFIER = com.theisegeberg.BasicJSONTests;
				PRODUCT_NAME = "$(TARGET_NAME)";
				SWIFT_VERSION = 3.0;
			};
			name = Release;
		};
		A96B669D1EACF90400BE3DDC /* Debug */ = {
			isa = XCBuildConfiguration;
			buildSettings = {
				CODE_SIGN_IDENTITY = "";
				CURRENT_PROJECT_VERSION = 1;
				DEFINES_MODULE = YES;
				DYLIB_COMPATIBILITY_VERSION = 1;
				DYLIB_CURRENT_VERSION = 1;
				DYLIB_INSTALL_NAME_BASE = "@rpath";
				INFOPLIST_FILE = BasicJSON/Info.plist;
				INSTALL_PATH = "$(LOCAL_LIBRARY_DIR)/Frameworks";
				LD_RUNPATH_SEARCH_PATHS = "$(inherited) @executable_path/Frameworks @loader_path/Frameworks";
				PRODUCT_BUNDLE_IDENTIFIER = com.theisegeberg.BasicJSON;
				PRODUCT_NAME = "$(TARGET_NAME)";
				SKIP_INSTALL = YES;
				SWIFT_SWIFT3_OBJC_INFERENCE = Default;
				SWIFT_VERSION = 4.0;
				VERSIONING_SYSTEM = "apple-generic";
				VERSION_INFO_PREFIX = "";
			};
			name = Debug;
		};
		A96B669E1EACF90400BE3DDC /* Release */ = {
			isa = XCBuildConfiguration;
			buildSettings = {
				CODE_SIGN_IDENTITY = "";
				CURRENT_PROJECT_VERSION = 1;
				DEFINES_MODULE = YES;
				DYLIB_COMPATIBILITY_VERSION = 1;
				DYLIB_CURRENT_VERSION = 1;
				DYLIB_INSTALL_NAME_BASE = "@rpath";
				INFOPLIST_FILE = BasicJSON/Info.plist;
				INSTALL_PATH = "$(LOCAL_LIBRARY_DIR)/Frameworks";
				LD_RUNPATH_SEARCH_PATHS = "$(inherited) @executable_path/Frameworks @loader_path/Frameworks";
				PRODUCT_BUNDLE_IDENTIFIER = com.theisegeberg.BasicJSON;
				PRODUCT_NAME = "$(TARGET_NAME)";
				SKIP_INSTALL = YES;
				SWIFT_SWIFT3_OBJC_INFERENCE = Default;
				SWIFT_VERSION = 4.0;
				VERSIONING_SYSTEM = "apple-generic";
				VERSION_INFO_PREFIX = "";
			};
			name = Release;
		};
/* End XCBuildConfiguration section */

/* Begin XCConfigurationList section */
		A93429351EA8F59A007E8AF3 /* Build configuration list for PBXProject "BasicJSON" */ = {
			isa = XCConfigurationList;
			buildConfigurations = (
				A934294A1EA8F59A007E8AF3 /* Debug */,
				A934294B1EA8F59A007E8AF3 /* Release */,
			);
			defaultConfigurationIsVisible = 0;
			defaultConfigurationName = Release;
		};
		A95863FA1F06551D004FA670 /* Build configuration list for PBXNativeTarget "BasicJSONMacOS" */ = {
			isa = XCConfigurationList;
			buildConfigurations = (
				A95863F81F06551D004FA670 /* Debug */,
				A95863F91F06551D004FA670 /* Release */,
			);
			defaultConfigurationIsVisible = 0;
			defaultConfigurationName = Release;
		};
		A96B668A1EAA472C00BE3DDC /* Build configuration list for PBXNativeTarget "BasicJSONTests" */ = {
			isa = XCConfigurationList;
			buildConfigurations = (
				A96B66881EAA472C00BE3DDC /* Debug */,
				A96B66891EAA472C00BE3DDC /* Release */,
			);
			defaultConfigurationIsVisible = 0;
			defaultConfigurationName = Release;
		};
		A96B669C1EACF90400BE3DDC /* Build configuration list for PBXNativeTarget "BasicJSON" */ = {
			isa = XCConfigurationList;
			buildConfigurations = (
				A96B669D1EACF90400BE3DDC /* Debug */,
				A96B669E1EACF90400BE3DDC /* Release */,
			);
			defaultConfigurationIsVisible = 0;
			defaultConfigurationName = Release;
		};
/* End XCConfigurationList section */
	};
	rootObject = A93429321EA8F59A007E8AF3 /* Project object */;
}
