// !$*UTF8*$!
{
	archiveVersion = 1;
	classes = {
	};
	objectVersion = 46;
	objects = {

/* Begin PBXBuildFile section */
		A96B66841EAA472C00BE3DDC /* BasicJSONTests.swift in Sources */ = {isa = PBXBuildFile; fileRef = A96B66831EAA472C00BE3DDC /* BasicJSONTests.swift */; };
		A96B668B1EAA475300BE3DDC /* BasicJSON.swift in Sources */ = {isa = PBXBuildFile; fileRef = A93429501EA90EC8007E8AF3 /* BasicJSON.swift */; };
		A96B669B1EACF90400BE3DDC /* BasicJSON.h in Headers */ = {isa = PBXBuildFile; fileRef = A96B66991EACF90400BE3DDC /* BasicJSON.h */; settings = {ATTRIBUTES = (Public, ); }; };
		A96B669F1EACF90A00BE3DDC /* BasicJSON.swift in Sources */ = {isa = PBXBuildFile; fileRef = A93429501EA90EC8007E8AF3 /* BasicJSON.swift */; };
		A96B66A21EACF9EF00BE3DDC /* multiplePosts.json in Resources */ = {isa = PBXBuildFile; fileRef = A96B668C1EAA4F4700BE3DDC /* multiplePosts.json */; };
		A96B66A31EACF9EF00BE3DDC /* singlePost.json in Resources */ = {isa = PBXBuildFile; fileRef = A96B668D1EAA4F4700BE3DDC /* singlePost.json */; };
		A96B66A51EACFAB000BE3DDC /* Post.swift in Sources */ = {isa = PBXBuildFile; fileRef = A96B66A41EACFAB000BE3DDC /* Post.swift */; };
/* End PBXBuildFile section */

/* Begin PBXFileReference section */
		A93429501EA90EC8007E8AF3 /* BasicJSON.swift */ = {isa = PBXFileReference; fileEncoding = 4; lastKnownFileType = sourcecode.swift; path = BasicJSON.swift; sourceTree = "<group>"; };
		A96B66811EAA472C00BE3DDC /* BasicJSONTests.xctest */ = {isa = PBXFileReference; explicitFileType = wrapper.cfbundle; includeInIndex = 0; path = BasicJSONTests.xctest; sourceTree = BUILT_PRODUCTS_DIR; };
		A96B66831EAA472C00BE3DDC /* BasicJSONTests.swift */ = {isa = PBXFileReference; lastKnownFileType = sourcecode.swift; path = BasicJSONTests.swift; sourceTree = "<group>"; };
		A96B66851EAA472C00BE3DDC /* Info.plist */ = {isa = PBXFileReference; lastKnownFileType = text.plist.xml; path = Info.plist; sourceTree = "<group>"; };
		A96B668C1EAA4F4700BE3DDC /* multiplePosts.json */ = {isa = PBXFileReference; fileEncoding = 4; lastKnownFileType = text.json; name = multiplePosts.json; path = BasicJSONTests/multiplePosts.json; sourceTree = SOURCE_ROOT; usesTabs = 0; };
		A96B668D1EAA4F4700BE3DDC /* singlePost.json */ = {isa = PBXFileReference; fileEncoding = 4; lastKnownFileType = text.json; name = singlePost.json; path = BasicJSONTests/singlePost.json; sourceTree = SOURCE_ROOT; };
		A96B66971EACF90400BE3DDC /* BasicJSON.framework */ = {isa = PBXFileReference; explicitFileType = wrapper.framework; includeInIndex = 0; path = BasicJSON.framework; sourceTree = BUILT_PRODUCTS_DIR; };
		A96B66991EACF90400BE3DDC /* BasicJSON.h */ = {isa = PBXFileReference; lastKnownFileType = sourcecode.c.h; path = BasicJSON.h; sourceTree = "<group>"; };
		A96B669A1EACF90400BE3DDC /* Info.plist */ = {isa = PBXFileReference; lastKnownFileType = text.plist.xml; path = Info.plist; sourceTree = "<group>"; };
		A96B66A41EACFAB000BE3DDC /* Post.swift */ = {isa = PBXFileReference; fileEncoding = 4; lastKnownFileType = sourcecode.swift; path = Post.swift; sourceTree = "<group>"; };
/* End PBXFileReference section */

/* Begin PBXFrameworksBuildPhase section */
		A96B667E1EAA472C00BE3DDC /* Frameworks */ = {
			isa = PBXFrameworksBuildPhase;
			buildActionMask = 2147483647;
			files = (
			);
			runOnlyForDeploymentPostprocessing = 0;
		};
		A96B66931EACF90400BE3DDC /* Frameworks */ = {
			isa = PBXFrameworksBuildPhase;
			buildActionMask = 2147483647;
			files = (
			);
			runOnlyForDeploymentPostprocessing = 0;
		};
/* End PBXFrameworksBuildPhase section */

/* Begin PBXGroup section */
		A93429311EA8F59A007E8AF3 = {
			isa = PBXGroup;
			children = (
				A96B66981EACF90400BE3DDC /* BasicJSON */,
				A96B66821EAA472C00BE3DDC /* BasicJSONTests */,
				A934293B1EA8F59A007E8AF3 /* Products */,
			);
			sourceTree = "<group>";
		};
		A934293B1EA8F59A007E8AF3 /* Products */ = {
			isa = PBXGroup;
			children = (
				A96B66811EAA472C00BE3DDC /* BasicJSONTests.xctest */,
				A96B66971EACF90400BE3DDC /* BasicJSON.framework */,
			);
			name = Products;
			sourceTree = "<group>";
		};
		A96B66821EAA472C00BE3DDC /* BasicJSONTests */ = {
			isa = PBXGroup;
			children = (
				A96B668C1EAA4F4700BE3DDC /* multiplePosts.json */,
				A96B668D1EAA4F4700BE3DDC /* singlePost.json */,
				A96B66831EAA472C00BE3DDC /* BasicJSONTests.swift */,
				A96B66851EAA472C00BE3DDC /* Info.plist */,
				A96B66A41EACFAB000BE3DDC /* Post.swift */,
			);
			path = BasicJSONTests;
			sourceTree = "<group>";
		};
		A96B66981EACF90400BE3DDC /* BasicJSON */ = {
			isa = PBXGroup;
			children = (
				A93429501EA90EC8007E8AF3 /* BasicJSON.swift */,
				A96B66991EACF90400BE3DDC /* BasicJSON.h */,
				A96B669A1EACF90400BE3DDC /* Info.plist */,
			);
			path = BasicJSON;
			sourceTree = "<group>";
		};
/* End PBXGroup section */

/* Begin PBXHeadersBuildPhase section */
		A96B66941EACF90400BE3DDC /* Headers */ = {
			isa = PBXHeadersBuildPhase;
			buildActionMask = 2147483647;
			files = (
				A96B669B1EACF90400BE3DDC /* BasicJSON.h in Headers */,
			);
			runOnlyForDeploymentPostprocessing = 0;
		};
/* End PBXHeadersBuildPhase section */

/* Begin PBXNativeTarget section */
		A96B66801EAA472C00BE3DDC /* BasicJSONTests */ = {
			isa = PBXNativeTarget;
			buildConfigurationList = A96B668A1EAA472C00BE3DDC /* Build configuration list for PBXNativeTarget "BasicJSONTests" */;
			buildPhases = (
				A96B667F1EAA472C00BE3DDC /* Resources */,
				A96B667D1EAA472C00BE3DDC /* Sources */,
				A96B667E1EAA472C00BE3DDC /* Frameworks */,
			);
			buildRules = (
			);
			dependencies = (
			);
			name = BasicJSONTests;
			productName = BasicJSONTests;
			productReference = A96B66811EAA472C00BE3DDC /* BasicJSONTests.xctest */;
			productType = "com.apple.product-type.bundle.unit-test";
		};
		A96B66961EACF90400BE3DDC /* BasicJSON */ = {
			isa = PBXNativeTarget;
			buildConfigurationList = A96B669C1EACF90400BE3DDC /* Build configuration list for PBXNativeTarget "BasicJSON" */;
			buildPhases = (
				A96B66921EACF90400BE3DDC /* Sources */,
				A96B66931EACF90400BE3DDC /* Frameworks */,
				A96B66941EACF90400BE3DDC /* Headers */,
				A96B66951EACF90400BE3DDC /* Resources */,
			);
			buildRules = (
			);
			dependencies = (
			);
			name = BasicJSON;
			productName = BasicJSON;
			productReference = A96B66971EACF90400BE3DDC /* BasicJSON.framework */;
			productType = "com.apple.product-type.framework";
		};
/* End PBXNativeTarget section */

/* Begin PBXProject section */
		A93429321EA8F59A007E8AF3 /* Project object */ = {
			isa = PBXProject;
			attributes = {
				LastSwiftUpdateCheck = 0830;
				LastUpgradeCheck = 0830;
				ORGANIZATIONNAME = "Theis Egeberg";
				TargetAttributes = {
					A96B66801EAA472C00BE3DDC = {
						CreatedOnToolsVersion = 8.3.1;
						ProvisioningStyle = Automatic;
					};
					A96B66961EACF90400BE3DDC = {
						CreatedOnToolsVersion = 8.3.1;
						ProvisioningStyle = Automatic;
					};
				};
			};
			buildConfigurationList = A93429351EA8F59A007E8AF3 /* Build configuration list for PBXProject "BasicJSON" */;
			compatibilityVersion = "Xcode 3.2";
			developmentRegion = English;
			hasScannedForEncodings = 0;
			knownRegions = (
				en,
				Base,
			);
			mainGroup = A93429311EA8F59A007E8AF3;
			productRefGroup = A934293B1EA8F59A007E8AF3 /* Products */;
			projectDirPath = "";
			projectRoot = "";
			targets = (
				A96B66961EACF90400BE3DDC /* BasicJSON */,
				A96B66801EAA472C00BE3DDC /* BasicJSONTests */,
			);
		};
/* End PBXProject section */

/* Begin PBXResourcesBuildPhase section */
		A96B667F1EAA472C00BE3DDC /* Resources */ = {
			isa = PBXResourcesBuildPhase;
			buildActionMask = 2147483647;
			files = (
				A96B66A21EACF9EF00BE3DDC /* multiplePosts.json in Resources */,
				A96B66A31EACF9EF00BE3DDC /* singlePost.json in Resources */,
			);
			runOnlyForDeploymentPostprocessing = 0;
		};
		A96B66951EACF90400BE3DDC /* Resources */ = {
			isa = PBXResourcesBuildPhase;
			buildActionMask = 2147483647;
			files = (
			);
			runOnlyForDeploymentPostprocessing = 0;
		};
/* End PBXResourcesBuildPhase section */

/* Begin PBXSourcesBuildPhase section */
		A96B667D1EAA472C00BE3DDC /* Sources */ = {
			isa = PBXSourcesBuildPhase;
			buildActionMask = 2147483647;
			files = (
				A96B66A51EACFAB000BE3DDC /* Post.swift in Sources */,
				A96B668B1EAA475300BE3DDC /* BasicJSON.swift in Sources */,
				A96B66841EAA472C00BE3DDC /* BasicJSONTests.swift in Sources */,
			);
			runOnlyForDeploymentPostprocessing = 0;
		};
		A96B66921EACF90400BE3DDC /* Sources */ = {
			isa = PBXSourcesBuildPhase;
			buildActionMask = 2147483647;
			files = (
				A96B669F1EACF90A00BE3DDC /* BasicJSON.swift in Sources */,
			);
			runOnlyForDeploymentPostprocessing = 0;
		};
/* End PBXSourcesBuildPhase section */

/* Begin XCBuildConfiguration section */
		A934294A1EA8F59A007E8AF3 /* Debug */ = {
			isa = XCBuildConfiguration;
			buildSettings = {
				ALWAYS_SEARCH_USER_PATHS = NO;
				CLANG_ANALYZER_NONNULL = YES;
				CLANG_ANALYZER_NUMBER_OBJECT_CONVERSION = YES_AGGRESSIVE;
				CLANG_CXX_LANGUAGE_STANDARD = "gnu++0x";
				CLANG_CXX_LIBRARY = "libc++";
				CLANG_ENABLE_MODULES = YES;
				CLANG_ENABLE_OBJC_ARC = YES;
				CLANG_WARN_BOOL_CONVERSION = YES;
				CLANG_WARN_CONSTANT_CONVERSION = YES;
				CLANG_WARN_DIRECT_OBJC_ISA_USAGE = YES_ERROR;
				CLANG_WARN_DOCUMENTATION_COMMENTS = YES;
				CLANG_WARN_EMPTY_BODY = YES;
				CLANG_WARN_ENUM_CONVERSION = YES;
				CLANG_WARN_INFINITE_RECURSION = YES;
				CLANG_WARN_INT_CONVERSION = YES;
				CLANG_WARN_OBJC_ROOT_CLASS = YES_ERROR;
				CLANG_WARN_SUSPICIOUS_MOVE = YES;
				CLANG_WARN_UNREACHABLE_CODE = YES;
				CLANG_WARN__DUPLICATE_METHOD_MATCH = YES;
				"CODE_SIGN_IDENTITY[sdk=iphoneos*]" = "iPhone Developer";
				COPY_PHASE_STRIP = NO;
				DEBUG_INFORMATION_FORMAT = dwarf;
				ENABLE_STRICT_OBJC_MSGSEND = YES;
				ENABLE_TESTABILITY = YES;
				GCC_C_LANGUAGE_STANDARD = gnu99;
				GCC_DYNAMIC_NO_PIC = NO;
				GCC_NO_COMMON_BLOCKS = YES;
				GCC_OPTIMIZATION_LEVEL = 0;
				GCC_PREPROCESSOR_DEFINITIONS = (
					"DEBUG=1",
					"$(inherited)",
				);
				GCC_WARN_64_TO_32_BIT_CONVERSION = YES;
				GCC_WARN_ABOUT_RETURN_TYPE = YES_ERROR;
				GCC_WARN_UNDECLARED_SELECTOR = YES;
				GCC_WARN_UNINITIALIZED_AUTOS = YES_AGGRESSIVE;
				GCC_WARN_UNUSED_FUNCTION = YES;
				GCC_WARN_UNUSED_VARIABLE = YES;
				IPHONEOS_DEPLOYMENT_TARGET = 10.3;
				MTL_ENABLE_DEBUG_INFO = YES;
				ONLY_ACTIVE_ARCH = YES;
				SDKROOT = iphoneos;
				SWIFT_ACTIVE_COMPILATION_CONDITIONS = DEBUG;
				SWIFT_OPTIMIZATION_LEVEL = "-Onone";
				TARGETED_DEVICE_FAMILY = "1,2";
			};
			name = Debug;
		};
		A934294B1EA8F59A007E8AF3 /* Release */ = {
			isa = XCBuildConfiguration;
			buildSettings = {
				ALWAYS_SEARCH_USER_PATHS = NO;
				CLANG_ANALYZER_NONNULL = YES;
				CLANG_ANALYZER_NUMBER_OBJECT_CONVERSION = YES_AGGRESSIVE;
				CLANG_CXX_LANGUAGE_STANDARD = "gnu++0x";
				CLANG_CXX_LIBRARY = "libc++";
				CLANG_ENABLE_MODULES = YES;
				CLANG_ENABLE_OBJC_ARC = YES;
				CLANG_WARN_BOOL_CONVERSION = YES;
				CLANG_WARN_CONSTANT_CONVERSION = YES;
				CLANG_WARN_DIRECT_OBJC_ISA_USAGE = YES_ERROR;
				CLANG_WARN_DOCUMENTATION_COMMENTS = YES;
				CLANG_WARN_EMPTY_BODY = YES;
				CLANG_WARN_ENUM_CONVERSION = YES;
				CLANG_WARN_INFINITE_RECURSION = YES;
				CLANG_WARN_INT_CONVERSION = YES;
				CLANG_WARN_OBJC_ROOT_CLASS = YES_ERROR;
				CLANG_WARN_SUSPICIOUS_MOVE = YES;
				CLANG_WARN_UNREACHABLE_CODE = YES;
				CLANG_WARN__DUPLICATE_METHOD_MATCH = YES;
				"CODE_SIGN_IDENTITY[sdk=iphoneos*]" = "iPhone Developer";
				COPY_PHASE_STRIP = NO;
				DEBUG_INFORMATION_FORMAT = "dwarf-with-dsym";
				ENABLE_NS_ASSERTIONS = NO;
				ENABLE_STRICT_OBJC_MSGSEND = YES;
				GCC_C_LANGUAGE_STANDARD = gnu99;
				GCC_NO_COMMON_BLOCKS = YES;
				GCC_WARN_64_TO_32_BIT_CONVERSION = YES;
				GCC_WARN_ABOUT_RETURN_TYPE = YES_ERROR;
				GCC_WARN_UNDECLARED_SELECTOR = YES;
				GCC_WARN_UNINITIALIZED_AUTOS = YES_AGGRESSIVE;
				GCC_WARN_UNUSED_FUNCTION = YES;
				GCC_WARN_UNUSED_VARIABLE = YES;
				IPHONEOS_DEPLOYMENT_TARGET = 10.3;
				MTL_ENABLE_DEBUG_INFO = NO;
				SDKROOT = iphoneos;
				SWIFT_OPTIMIZATION_LEVEL = "-Owholemodule";
				TARGETED_DEVICE_FAMILY = "1,2";
				VALIDATE_PRODUCT = YES;
			};
			name = Release;
		};
		A96B66881EAA472C00BE3DDC /* Debug */ = {
			isa = XCBuildConfiguration;
			buildSettings = {
				INFOPLIST_FILE = BasicJSONTests/Info.plist;
				LD_RUNPATH_SEARCH_PATHS = "$(inherited) @executable_path/Frameworks @loader_path/Frameworks";
				PRODUCT_BUNDLE_IDENTIFIER = com.theisegeberg.BasicJSONTests;
				PRODUCT_NAME = "$(TARGET_NAME)";
				SWIFT_VERSION = 3.0;
			};
			name = Debug;
		};
		A96B66891EAA472C00BE3DDC /* Release */ = {
			isa = XCBuildConfiguration;
			buildSettings = {
				INFOPLIST_FILE = BasicJSONTests/Info.plist;
				LD_RUNPATH_SEARCH_PATHS = "$(inherited) @executable_path/Frameworks @loader_path/Frameworks";
				PRODUCT_BUNDLE_IDENTIFIER = com.theisegeberg.BasicJSONTests;
				PRODUCT_NAME = "$(TARGET_NAME)";
				SWIFT_VERSION = 3.0;
			};
			name = Release;
		};
		A96B669D1EACF90400BE3DDC /* Debug */ = {
			isa = XCBuildConfiguration;
			buildSettings = {
				CODE_SIGN_IDENTITY = "";
				CURRENT_PROJECT_VERSION = 1;
				DEFINES_MODULE = YES;
				DYLIB_COMPATIBILITY_VERSION = 1;
				DYLIB_CURRENT_VERSION = 1;
				DYLIB_INSTALL_NAME_BASE = "@rpath";
				INFOPLIST_FILE = BasicJSON/Info.plist;
				INSTALL_PATH = "$(LOCAL_LIBRARY_DIR)/Frameworks";
				LD_RUNPATH_SEARCH_PATHS = "$(inherited) @executable_path/Frameworks @loader_path/Frameworks";
				PRODUCT_BUNDLE_IDENTIFIER = com.theisegeberg.BasicJSON;
				PRODUCT_NAME = "$(TARGET_NAME)";
				SKIP_INSTALL = YES;
				SWIFT_VERSION = 3.0;
				VERSIONING_SYSTEM = "apple-generic";
				VERSION_INFO_PREFIX = "";
			};
			name = Debug;
		};
		A96B669E1EACF90400BE3DDC /* Release */ = {
			isa = XCBuildConfiguration;
			buildSettings = {
				CODE_SIGN_IDENTITY = "";
				CURRENT_PROJECT_VERSION = 1;
				DEFINES_MODULE = YES;
				DYLIB_COMPATIBILITY_VERSION = 1;
				DYLIB_CURRENT_VERSION = 1;
				DYLIB_INSTALL_NAME_BASE = "@rpath";
				INFOPLIST_FILE = BasicJSON/Info.plist;
				INSTALL_PATH = "$(LOCAL_LIBRARY_DIR)/Frameworks";
				LD_RUNPATH_SEARCH_PATHS = "$(inherited) @executable_path/Frameworks @loader_path/Frameworks";
				PRODUCT_BUNDLE_IDENTIFIER = com.theisegeberg.BasicJSON;
				PRODUCT_NAME = "$(TARGET_NAME)";
				SKIP_INSTALL = YES;
				SWIFT_VERSION = 3.0;
				VERSIONING_SYSTEM = "apple-generic";
				VERSION_INFO_PREFIX = "";
			};
			name = Release;
		};
/* End XCBuildConfiguration section */

/* Begin XCConfigurationList section */
		A93429351EA8F59A007E8AF3 /* Build configuration list for PBXProject "BasicJSON" */ = {
			isa = XCConfigurationList;
			buildConfigurations = (
				A934294A1EA8F59A007E8AF3 /* Debug */,
				A934294B1EA8F59A007E8AF3 /* Release */,
			);
			defaultConfigurationIsVisible = 0;
			defaultConfigurationName = Release;
		};
		A96B668A1EAA472C00BE3DDC /* Build configuration list for PBXNativeTarget "BasicJSONTests" */ = {
			isa = XCConfigurationList;
			buildConfigurations = (
				A96B66881EAA472C00BE3DDC /* Debug */,
				A96B66891EAA472C00BE3DDC /* Release */,
			);
			defaultConfigurationIsVisible = 0;
		};
		A96B669C1EACF90400BE3DDC /* Build configuration list for PBXNativeTarget "BasicJSON" */ = {
			isa = XCConfigurationList;
			buildConfigurations = (
				A96B669D1EACF90400BE3DDC /* Debug */,
				A96B669E1EACF90400BE3DDC /* Release */,
			);
			defaultConfigurationIsVisible = 0;
		};
/* End XCConfigurationList section */
	};
	rootObject = A93429321EA8F59A007E8AF3 /* Project object */;
}
